
Microsoft Visual Studio Solution File, Format Version 12.00
# Visual Studio Version 17
VisualStudioVersion = 17.3.32922.545
MinimumVisualStudioVersion = 10.0.40219.1
Project("{FAE04EC0-301F-11D3-BF4B-00C04F79EFBC}") = "LilacWings", "LilacWings\LilacWings.csproj", "{D88B67FE-9B86-4470-8826-A108A50AF2AD}"
EndProject
Project("{2150E333-8FDC-42A3-9474-1A3956D46DE8}") = "Solution Items", "Solution Items", "{02EA681E-C7D8-13C7-8484-4AC65E1B71E8}"
	ProjectSection(SolutionItems) = preProject
		.editorconfig = .editorconfig
	EndProjectSection
EndProject
Global
	GlobalSection(SolutionConfigurationPlatforms) = preSolution
		Debug|Any CPU = Debug|Any CPU
		Release|Any CPU = Release|Any CPU
	EndGlobalSection
	GlobalSection(ProjectConfigurationPlatforms) = postSolution
		{D88B67FE-9B86-4470-8826-A108A50AF2AD}.Debug|Any CPU.ActiveCfg = Debug|Any CPU
		{D88B67FE-9B86-4470-8826-A108A50AF2AD}.Debug|Any CPU.Build.0 = Debug|Any CPU
		{D88B67FE-9B86-4470-8826-A108A50AF2AD}.Release|Any CPU.ActiveCfg = Release|Any CPU
		{D88B67FE-9B86-4470-8826-A108A50AF2AD}.Release|Any CPU.Build.0 = Release|Any CPU
	EndGlobalSection
	GlobalSection(SolutionProperties) = preSolution
		HideSolutionNode = FALSE
	EndGlobalSection
	GlobalSection(ExtensibilityGlobals) = postSolution
		SolutionGuid = {FDC6ED19-0493-4D44-81B0-3717DCA288CE}
	EndGlobalSection
EndGlobal
